
Microsoft Visual Studio Solution File, Format Version 12.00
# Visual Studio Version 17
VisualStudioVersion = 17.7.34031.279
MinimumVisualStudioVersion = 10.0.40219.1
Project("{9A19103F-16F7-4668-BE54-9A1E7A4F7556}") = "GnyYazilim", "GnyYazilim\GnyYazilim.csproj", "{C8575D8D-80AB-4622-A43F-990451DB13D6}"
EndProject
Project("{54435603-DBB4-11D2-8724-00A0C9A8B90C}") = "Setup1", "Setup1\Setup1.vdproj", "{7A0EA0AB-731C-440D-99CD-AE0C4C458F7D}"
EndProject
Global
	GlobalSection(SolutionConfigurationPlatforms) = preSolution
		Debug|Any CPU = Debug|Any CPU
		Release|Any CPU = Release|Any CPU
	EndGlobalSection
	GlobalSection(ProjectConfigurationPlatforms) = postSolution
		{C8575D8D-80AB-4622-A43F-990451DB13D6}.Debug|Any CPU.ActiveCfg = Debug|Any CPU
		{C8575D8D-80AB-4622-A43F-990451DB13D6}.Debug|Any CPU.Build.0 = Debug|Any CPU
		{C8575D8D-80AB-4622-A43F-990451DB13D6}.Release|Any CPU.ActiveCfg = Release|Any CPU
		{C8575D8D-80AB-4622-A43F-990451DB13D6}.Release|Any CPU.Build.0 = Release|Any CPU
		{7A0EA0AB-731C-440D-99CD-AE0C4C458F7D}.Debug|Any CPU.ActiveCfg = Debug
		{7A0EA0AB-731C-440D-99CD-AE0C4C458F7D}.Release|Any CPU.ActiveCfg = Release
	EndGlobalSection
	GlobalSection(SolutionProperties) = preSolution
		HideSolutionNode = FALSE
	EndGlobalSection
	GlobalSection(ExtensibilityGlobals) = postSolution
		SolutionGuid = {F15D4C1F-E13F-4E98-A783-2E9072A58D3A}
	EndGlobalSection
EndGlobal
